// !$*UTF8*$!
{
	archiveVersion = 1;
	classes = {
	};
	objectVersion = 46;
	objects = {

/* Begin PBXBuildFile section */
		0D0CA54875BA94129FFCE938 /* Pods_CenkerDemirViaflyTestProject.framework in Frameworks */ = {isa = PBXBuildFile; fileRef = A7C2785BD4AFD004A1378ABD /* Pods_CenkerDemirViaflyTestProject.framework */; };
		7817F3B51DAFB60900A8E28E /* AppDelegate.swift in Sources */ = {isa = PBXBuildFile; fileRef = 7817F3B41DAFB60900A8E28E /* AppDelegate.swift */; };
		7817F3B71DAFB60900A8E28E /* MainViewController.swift in Sources */ = {isa = PBXBuildFile; fileRef = 7817F3B61DAFB60900A8E28E /* MainViewController.swift */; };
		7817F3BA1DAFB60900A8E28E /* Main.storyboard in Resources */ = {isa = PBXBuildFile; fileRef = 7817F3B81DAFB60900A8E28E /* Main.storyboard */; };
		7817F3BF1DAFB60900A8E28E /* Assets.xcassets in Resources */ = {isa = PBXBuildFile; fileRef = 7817F3BE1DAFB60900A8E28E /* Assets.xcassets */; };
		7817F3C21DAFB60900A8E28E /* LaunchScreen.storyboard in Resources */ = {isa = PBXBuildFile; fileRef = 7817F3C01DAFB60900A8E28E /* LaunchScreen.storyboard */; };
		785EBC161DB022B000F50455 /* men.png in Resources */ = {isa = PBXBuildFile; fileRef = 785EBC121DB022B000F50455 /* men.png */; };
		785EBC171DB022B000F50455 /* women.png in Resources */ = {isa = PBXBuildFile; fileRef = 785EBC131DB022B000F50455 /* women.png */; };
		785EBC181DB022B000F50455 /* outwear.png in Resources */ = {isa = PBXBuildFile; fileRef = 785EBC141DB022B000F50455 /* outwear.png */; };
		785EBC191DB022B000F50455 /* accessories.png in Resources */ = {isa = PBXBuildFile; fileRef = 785EBC151DB022B000F50455 /* accessories.png */; };
		78C3B9D21DAFD264000DACBF /* StoreInventory.json in Resources */ = {isa = PBXBuildFile; fileRef = 78C3B9D11DAFD264000DACBF /* StoreInventory.json */; };
		78C3B9D41DAFD4BA000DACBF /* Item.swift in Sources */ = {isa = PBXBuildFile; fileRef = 78C3B9D31DAFD4BA000DACBF /* Item.swift */; };
		78C3B9D61DAFD55A000DACBF /* Store.swift in Sources */ = {isa = PBXBuildFile; fileRef = 78C3B9D51DAFD55A000DACBF /* Store.swift */; };
		78E05E771DB981C2006042BA /* Barcode-25.png in Resources */ = {isa = PBXBuildFile; fileRef = 78E05E761DB981C2006042BA /* Barcode-25.png */; };
		78F717421DB05348004CA69B /* categories-icon.png in Resources */ = {isa = PBXBuildFile; fileRef = 78F717411DB05348004CA69B /* categories-icon.png */; };
		78F717461DB068A0004CA69B /* Filter-30.png in Resources */ = {isa = PBXBuildFile; fileRef = 78F717451DB068A0004CA69B /* Filter-30.png */; };
		78F7174A1DB0EE0A004CA69B /* SWRevealViewController.m in Sources */ = {isa = PBXBuildFile; fileRef = 78F717491DB0EE0A004CA69B /* SWRevealViewController.m */; };
		78F7174F1DB112A7004CA69B /* SideBarViewController.swift in Sources */ = {isa = PBXBuildFile; fileRef = 78F7174E1DB112A7004CA69B /* SideBarViewController.swift */; };
		78F717511DB122CF004CA69B /* empty.png in Resources */ = {isa = PBXBuildFile; fileRef = 78F717501DB122CF004CA69B /* empty.png */; };
		78F717531DB1A5E5004CA69B /* GoldBarsFilled.png in Resources */ = {isa = PBXBuildFile; fileRef = 78F717521DB1A5E5004CA69B /* GoldBarsFilled.png */; };
		78F7175D1DB1A90B004CA69B /* sort-dollar2.png in Resources */ = {isa = PBXBuildFile; fileRef = 78F7175C1DB1A90B004CA69B /* sort-dollar2.png */; };
		78F717601DB1AB14004CA69B /* sort-dollar.png in Resources */ = {isa = PBXBuildFile; fileRef = 78F7175F1DB1AB14004CA69B /* sort-dollar.png */; };
/* End PBXBuildFile section */

/* Begin PBXFileReference section */
		58933D383A2DC16E1D032F8D /* Pods-CenkerDemirViaflyTestProject.debug.xcconfig */ = {isa = PBXFileReference; includeInIndex = 1; lastKnownFileType = text.xcconfig; name = "Pods-CenkerDemirViaflyTestProject.debug.xcconfig"; path = "Pods/Target Support Files/Pods-CenkerDemirViaflyTestProject/Pods-CenkerDemirViaflyTestProject.debug.xcconfig"; sourceTree = "<group>"; };
		7817F3B11DAFB60900A8E28E /* CenkerDemirViaflyTestProject.app */ = {isa = PBXFileReference; explicitFileType = wrapper.application; includeInIndex = 0; path = CenkerDemirViaflyTestProject.app; sourceTree = BUILT_PRODUCTS_DIR; };
		7817F3B41DAFB60900A8E28E /* AppDelegate.swift */ = {isa = PBXFileReference; lastKnownFileType = sourcecode.swift; path = AppDelegate.swift; sourceTree = "<group>"; };
		7817F3B61DAFB60900A8E28E /* MainViewController.swift */ = {isa = PBXFileReference; lastKnownFileType = sourcecode.swift; path = MainViewController.swift; sourceTree = "<group>"; };
		7817F3B91DAFB60900A8E28E /* Base */ = {isa = PBXFileReference; lastKnownFileType = file.storyboard; name = Base; path = Base.lproj/Main.storyboard; sourceTree = "<group>"; };
		7817F3BE1DAFB60900A8E28E /* Assets.xcassets */ = {isa = PBXFileReference; lastKnownFileType = folder.assetcatalog; path = Assets.xcassets; sourceTree = "<group>"; };
		7817F3C11DAFB60900A8E28E /* Base */ = {isa = PBXFileReference; lastKnownFileType = file.storyboard; name = Base; path = Base.lproj/LaunchScreen.storyboard; sourceTree = "<group>"; };
		7817F3C31DAFB60900A8E28E /* Info.plist */ = {isa = PBXFileReference; lastKnownFileType = text.plist.xml; path = Info.plist; sourceTree = "<group>"; };
		785EBC121DB022B000F50455 /* men.png */ = {isa = PBXFileReference; lastKnownFileType = image.png; name = men.png; path = images/men.png; sourceTree = "<group>"; };
		785EBC131DB022B000F50455 /* women.png */ = {isa = PBXFileReference; lastKnownFileType = image.png; name = women.png; path = images/women.png; sourceTree = "<group>"; };
		785EBC141DB022B000F50455 /* outwear.png */ = {isa = PBXFileReference; lastKnownFileType = image.png; name = outwear.png; path = images/outwear.png; sourceTree = "<group>"; };
		785EBC151DB022B000F50455 /* accessories.png */ = {isa = PBXFileReference; lastKnownFileType = image.png; name = accessories.png; path = images/accessories.png; sourceTree = "<group>"; };
		78C3B9D11DAFD264000DACBF /* StoreInventory.json */ = {isa = PBXFileReference; fileEncoding = 4; lastKnownFileType = text.json; path = StoreInventory.json; sourceTree = "<group>"; };
		78C3B9D31DAFD4BA000DACBF /* Item.swift */ = {isa = PBXFileReference; fileEncoding = 4; lastKnownFileType = sourcecode.swift; path = Item.swift; sourceTree = "<group>"; };
		78C3B9D51DAFD55A000DACBF /* Store.swift */ = {isa = PBXFileReference; fileEncoding = 4; lastKnownFileType = sourcecode.swift; path = Store.swift; sourceTree = "<group>"; };
		78E05E761DB981C2006042BA /* Barcode-25.png */ = {isa = PBXFileReference; lastKnownFileType = image.png; name = "Barcode-25.png"; path = "images/Barcode-25.png"; sourceTree = "<group>"; };
		78F717411DB05348004CA69B /* categories-icon.png */ = {isa = PBXFileReference; lastKnownFileType = image.png; name = "categories-icon.png"; path = "images/categories-icon.png"; sourceTree = "<group>"; };
		78F717451DB068A0004CA69B /* Filter-30.png */ = {isa = PBXFileReference; lastKnownFileType = image.png; name = "Filter-30.png"; path = "images/Filter-30.png"; sourceTree = "<group>"; };
		78F717471DB0EE0A004CA69B /* CenkerDemirViaflyTestProject-Bridging-Header.h */ = {isa = PBXFileReference; lastKnownFileType = sourcecode.c.h; path = "CenkerDemirViaflyTestProject-Bridging-Header.h"; sourceTree = "<group>"; };
		78F717481DB0EE0A004CA69B /* SWRevealViewController.h */ = {isa = PBXFileReference; fileEncoding = 4; lastKnownFileType = sourcecode.c.h; path = SWRevealViewController.h; sourceTree = "<group>"; };
		78F717491DB0EE0A004CA69B /* SWRevealViewController.m */ = {isa = PBXFileReference; fileEncoding = 4; lastKnownFileType = sourcecode.c.objc; path = SWRevealViewController.m; sourceTree = "<group>"; };
		78F7174E1DB112A7004CA69B /* SideBarViewController.swift */ = {isa = PBXFileReference; fileEncoding = 4; lastKnownFileType = sourcecode.swift; path = SideBarViewController.swift; sourceTree = "<group>"; };
		78F717501DB122CF004CA69B /* empty.png */ = {isa = PBXFileReference; lastKnownFileType = image.png; name = empty.png; path = images/empty.png; sourceTree = "<group>"; };
		78F717521DB1A5E5004CA69B /* GoldBarsFilled.png */ = {isa = PBXFileReference; lastKnownFileType = image.png; name = GoldBarsFilled.png; path = images/GoldBarsFilled.png; sourceTree = "<group>"; };
		78F7175C1DB1A90B004CA69B /* sort-dollar2.png */ = {isa = PBXFileReference; lastKnownFileType = image.png; name = "sort-dollar2.png"; path = "images/sort-dollar2.png"; sourceTree = "<group>"; };
		78F7175F1DB1AB14004CA69B /* sort-dollar.png */ = {isa = PBXFileReference; lastKnownFileType = image.png; name = "sort-dollar.png"; path = "images/sort-dollar.png"; sourceTree = "<group>"; };
		A7C2785BD4AFD004A1378ABD /* Pods_CenkerDemirViaflyTestProject.framework */ = {isa = PBXFileReference; explicitFileType = wrapper.framework; includeInIndex = 0; path = Pods_CenkerDemirViaflyTestProject.framework; sourceTree = BUILT_PRODUCTS_DIR; };
		E3C1364AA73EBB39E56301E2 /* Pods-CenkerDemirViaflyTestProject.release.xcconfig */ = {isa = PBXFileReference; includeInIndex = 1; lastKnownFileType = text.xcconfig; name = "Pods-CenkerDemirViaflyTestProject.release.xcconfig"; path = "Pods/Target Support Files/Pods-CenkerDemirViaflyTestProject/Pods-CenkerDemirViaflyTestProject.release.xcconfig"; sourceTree = "<group>"; };
/* End PBXFileReference section */

/* Begin PBXFrameworksBuildPhase section */
		7817F3AE1DAFB60800A8E28E /* Frameworks */ = {
			isa = PBXFrameworksBuildPhase;
			buildActionMask = 2147483647;
			files = (
				0D0CA54875BA94129FFCE938 /* Pods_CenkerDemirViaflyTestProject.framework in Frameworks */,
			);
			runOnlyForDeploymentPostprocessing = 0;
		};
/* End PBXFrameworksBuildPhase section */

/* Begin PBXGroup section */
		3751EB84342203E1D5D901BF /* Frameworks */ = {
			isa = PBXGroup;
			children = (
				A7C2785BD4AFD004A1378ABD /* Pods_CenkerDemirViaflyTestProject.framework */,
			);
			name = Frameworks;
			sourceTree = "<group>";
		};
		7817F3A81DAFB60800A8E28E = {
			isa = PBXGroup;
			children = (
				7817F3B31DAFB60900A8E28E /* CenkerDemirViaflyTestProject */,
				7817F3B21DAFB60900A8E28E /* Products */,
				AEDD0C02E4F69F6AECD27797 /* Pods */,
				3751EB84342203E1D5D901BF /* Frameworks */,
			);
			sourceTree = "<group>";
		};
		7817F3B21DAFB60900A8E28E /* Products */ = {
			isa = PBXGroup;
			children = (
				7817F3B11DAFB60900A8E28E /* CenkerDemirViaflyTestProject.app */,
			);
			name = Products;
			sourceTree = "<group>";
		};
		7817F3B31DAFB60900A8E28E /* CenkerDemirViaflyTestProject */ = {
			isa = PBXGroup;
			children = (
				7817F3B41DAFB60900A8E28E /* AppDelegate.swift */,
				7817F3B61DAFB60900A8E28E /* MainViewController.swift */,
				78F7174E1DB112A7004CA69B /* SideBarViewController.swift */,
				78C3B9D51DAFD55A000DACBF /* Store.swift */,
				78C3B9D31DAFD4BA000DACBF /* Item.swift */,
				7817F3B81DAFB60900A8E28E /* Main.storyboard */,
				7817F3BE1DAFB60900A8E28E /* Assets.xcassets */,
				7817F3C01DAFB60900A8E28E /* LaunchScreen.storyboard */,
				7817F3C31DAFB60900A8E28E /* Info.plist */,
				78C3B9D11DAFD264000DACBF /* StoreInventory.json */,
				785EBC1A1DB022C300F50455 /* images */,
				78F7174B1DB0EE38004CA69B /* SWRevealViewController */,
			);
			path = CenkerDemirViaflyTestProject;
			sourceTree = "<group>";
		};
		785EBC1A1DB022C300F50455 /* images */ = {
			isa = PBXGroup;
			children = (
				78E05E761DB981C2006042BA /* Barcode-25.png */,
				78F7175C1DB1A90B004CA69B /* sort-dollar2.png */,
				78F7175F1DB1AB14004CA69B /* sort-dollar.png */,
				78F717521DB1A5E5004CA69B /* GoldBarsFilled.png */,
				78F717501DB122CF004CA69B /* empty.png */,
				78F717451DB068A0004CA69B /* Filter-30.png */,
				78F717411DB05348004CA69B /* categories-icon.png */,
				785EBC121DB022B000F50455 /* men.png */,
				785EBC131DB022B000F50455 /* women.png */,
				785EBC141DB022B000F50455 /* outwear.png */,
				785EBC151DB022B000F50455 /* accessories.png */,
			);
			name = images;
			sourceTree = "<group>";
		};
		78F7174B1DB0EE38004CA69B /* SWRevealViewController */ = {
			isa = PBXGroup;
			children = (
				78F717471DB0EE0A004CA69B /* CenkerDemirViaflyTestProject-Bridging-Header.h */,
				78F717481DB0EE0A004CA69B /* SWRevealViewController.h */,
				78F717491DB0EE0A004CA69B /* SWRevealViewController.m */,
			);
			name = SWRevealViewController;
			sourceTree = "<group>";
		};
		AEDD0C02E4F69F6AECD27797 /* Pods */ = {
			isa = PBXGroup;
			children = (
				58933D383A2DC16E1D032F8D /* Pods-CenkerDemirViaflyTestProject.debug.xcconfig */,
				E3C1364AA73EBB39E56301E2 /* Pods-CenkerDemirViaflyTestProject.release.xcconfig */,
			);
			name = Pods;
			sourceTree = "<group>";
		};
/* End PBXGroup section */

/* Begin PBXNativeTarget section */
		7817F3B01DAFB60800A8E28E /* CenkerDemirViaflyTestProject */ = {
			isa = PBXNativeTarget;
			buildConfigurationList = 7817F3C61DAFB60900A8E28E /* Build configuration list for PBXNativeTarget "CenkerDemirViaflyTestProject" */;
			buildPhases = (
				296DDFC5C951BBB9176C8DF1 /* [CP] Check Pods Manifest.lock */,
				7817F3AD1DAFB60800A8E28E /* Sources */,
				7817F3AE1DAFB60800A8E28E /* Frameworks */,
				7817F3AF1DAFB60800A8E28E /* Resources */,
				5D5604360AD3DFDAC3EFB7B3 /* [CP] Embed Pods Frameworks */,
				F08AD037E048B5588EA2B428 /* [CP] Copy Pods Resources */,
			);
			buildRules = (
			);
			dependencies = (
			);
			name = CenkerDemirViaflyTestProject;
			productName = CenkerDemirViaflyTestProject;
			productReference = 7817F3B11DAFB60900A8E28E /* CenkerDemirViaflyTestProject.app */;
			productType = "com.apple.product-type.application";
		};
/* End PBXNativeTarget section */

/* Begin PBXProject section */
		7817F3A91DAFB60800A8E28E /* Project object */ = {
			isa = PBXProject;
			attributes = {
				LastSwiftUpdateCheck = 0800;
				LastUpgradeCheck = 0800;
				ORGANIZATIONNAME = "Cenker Demir";
				TargetAttributes = {
					7817F3B01DAFB60800A8E28E = {
						CreatedOnToolsVersion = 8.0;
						DevelopmentTeam = X82JT57D2Y;
						LastSwiftMigration = 0800;
						ProvisioningStyle = Automatic;
					};
				};
			};
			buildConfigurationList = 7817F3AC1DAFB60800A8E28E /* Build configuration list for PBXProject "CenkerDemirViaflyTestProject" */;
			compatibilityVersion = "Xcode 3.2";
			developmentRegion = English;
			hasScannedForEncodings = 0;
			knownRegions = (
				en,
				Base,
			);
			mainGroup = 7817F3A81DAFB60800A8E28E;
			productRefGroup = 7817F3B21DAFB60900A8E28E /* Products */;
			projectDirPath = "";
			projectRoot = "";
			targets = (
				7817F3B01DAFB60800A8E28E /* CenkerDemirViaflyTestProject */,
			);
		};
/* End PBXProject section */

/* Begin PBXResourcesBuildPhase section */
		7817F3AF1DAFB60800A8E28E /* Resources */ = {
			isa = PBXResourcesBuildPhase;
			buildActionMask = 2147483647;
			files = (
				78E05E771DB981C2006042BA /* Barcode-25.png in Resources */,
				785EBC181DB022B000F50455 /* outwear.png in Resources */,
				7817F3C21DAFB60900A8E28E /* LaunchScreen.storyboard in Resources */,
				7817F3BF1DAFB60900A8E28E /* Assets.xcassets in Resources */,
				78C3B9D21DAFD264000DACBF /* StoreInventory.json in Resources */,
				785EBC161DB022B000F50455 /* men.png in Resources */,
				785EBC171DB022B000F50455 /* women.png in Resources */,
				78F717461DB068A0004CA69B /* Filter-30.png in Resources */,
				78F7175D1DB1A90B004CA69B /* sort-dollar2.png in Resources */,
				785EBC191DB022B000F50455 /* accessories.png in Resources */,
				78F717531DB1A5E5004CA69B /* GoldBarsFilled.png in Resources */,
				7817F3BA1DAFB60900A8E28E /* Main.storyboard in Resources */,
				78F717421DB05348004CA69B /* categories-icon.png in Resources */,
				78F717511DB122CF004CA69B /* empty.png in Resources */,
				78F717601DB1AB14004CA69B /* sort-dollar.png in Resources */,
			);
			runOnlyForDeploymentPostprocessing = 0;
		};
/* End PBXResourcesBuildPhase section */

/* Begin PBXShellScriptBuildPhase section */
		296DDFC5C951BBB9176C8DF1 /* [CP] Check Pods Manifest.lock */ = {
			isa = PBXShellScriptBuildPhase;
			buildActionMask = 2147483647;
			files = (
			);
			inputPaths = (
			);
			name = "[CP] Check Pods Manifest.lock";
			outputPaths = (
			);
			runOnlyForDeploymentPostprocessing = 0;
			shellPath = /bin/sh;
			shellScript = "diff \"${PODS_ROOT}/../Podfile.lock\" \"${PODS_ROOT}/Manifest.lock\" > /dev/null\nif [[ $? != 0 ]] ; then\n    cat << EOM\nerror: The sandbox is not in sync with the Podfile.lock. Run 'pod install' or update your CocoaPods installation.\nEOM\n    exit 1\nfi\n";
			showEnvVarsInLog = 0;
		};
		5D5604360AD3DFDAC3EFB7B3 /* [CP] Embed Pods Frameworks */ = {
			isa = PBXShellScriptBuildPhase;
			buildActionMask = 2147483647;
			files = (
			);
			inputPaths = (
			);
			name = "[CP] Embed Pods Frameworks";
			outputPaths = (
			);
			runOnlyForDeploymentPostprocessing = 0;
			shellPath = /bin/sh;
			shellScript = "\"${SRCROOT}/Pods/Target Support Files/Pods-CenkerDemirViaflyTestProject/Pods-CenkerDemirViaflyTestProject-frameworks.sh\"\n";
			showEnvVarsInLog = 0;
		};
		F08AD037E048B5588EA2B428 /* [CP] Copy Pods Resources */ = {
			isa = PBXShellScriptBuildPhase;
			buildActionMask = 2147483647;
			files = (
			);
			inputPaths = (
			);
			name = "[CP] Copy Pods Resources";
			outputPaths = (
			);
			runOnlyForDeploymentPostprocessing = 0;
			shellPath = /bin/sh;
			shellScript = "\"${SRCROOT}/Pods/Target Support Files/Pods-CenkerDemirViaflyTestProject/Pods-CenkerDemirViaflyTestProject-resources.sh\"\n";
			showEnvVarsInLog = 0;
		};
/* End PBXShellScriptBuildPhase section */

/* Begin PBXSourcesBuildPhase section */
		7817F3AD1DAFB60800A8E28E /* Sources */ = {
			isa = PBXSourcesBuildPhase;
			buildActionMask = 2147483647;
			files = (
				78C3B9D61DAFD55A000DACBF /* Store.swift in Sources */,
				78C3B9D41DAFD4BA000DACBF /* Item.swift in Sources */,
				78F7174F1DB112A7004CA69B /* SideBarViewController.swift in Sources */,
				7817F3B71DAFB60900A8E28E /* MainViewController.swift in Sources */,
				7817F3B51DAFB60900A8E28E /* AppDelegate.swift in Sources */,
				78F7174A1DB0EE0A004CA69B /* SWRevealViewController.m in Sources */,
			);
			runOnlyForDeploymentPostprocessing = 0;
		};
/* End PBXSourcesBuildPhase section */

/* Begin PBXVariantGroup section */
		7817F3B81DAFB60900A8E28E /* Main.storyboard */ = {
			isa = PBXVariantGroup;
			children = (
				7817F3B91DAFB60900A8E28E /* Base */,
			);
			name = Main.storyboard;
			sourceTree = "<group>";
		};
		7817F3C01DAFB60900A8E28E /* LaunchScreen.storyboard */ = {
			isa = PBXVariantGroup;
			children = (
				7817F3C11DAFB60900A8E28E /* Base */,
			);
			name = LaunchScreen.storyboard;
			sourceTree = "<group>";
		};
/* End PBXVariantGroup section */

/* Begin XCBuildConfiguration section */
		7817F3C41DAFB60900A8E28E /* Debug */ = {
			isa = XCBuildConfiguration;
			buildSettings = {
				ALWAYS_SEARCH_USER_PATHS = NO;
				CLANG_ANALYZER_NONNULL = YES;
				CLANG_CXX_LANGUAGE_STANDARD = "gnu++0x";
				CLANG_CXX_LIBRARY = "libc++";
				CLANG_ENABLE_MODULES = YES;
				CLANG_ENABLE_OBJC_ARC = YES;
				CLANG_WARN_BOOL_CONVERSION = YES;
				CLANG_WARN_CONSTANT_CONVERSION = YES;
				CLANG_WARN_DIRECT_OBJC_ISA_USAGE = YES_ERROR;
				CLANG_WARN_DOCUMENTATION_COMMENTS = YES;
				CLANG_WARN_EMPTY_BODY = YES;
				CLANG_WARN_ENUM_CONVERSION = YES;
				CLANG_WARN_INFINITE_RECURSION = YES;
				CLANG_WARN_INT_CONVERSION = YES;
				CLANG_WARN_OBJC_ROOT_CLASS = YES_ERROR;
				CLANG_WARN_SUSPICIOUS_MOVES = YES;
				CLANG_WARN_UNREACHABLE_CODE = YES;
				CLANG_WARN__DUPLICATE_METHOD_MATCH = YES;
				"CODE_SIGN_IDENTITY[sdk=iphoneos*]" = "iPhone Developer";
				COPY_PHASE_STRIP = NO;
				DEBUG_INFORMATION_FORMAT = dwarf;
				ENABLE_STRICT_OBJC_MSGSEND = YES;
				ENABLE_TESTABILITY = YES;
				GCC_C_LANGUAGE_STANDARD = gnu99;
				GCC_DYNAMIC_NO_PIC = NO;
				GCC_NO_COMMON_BLOCKS = YES;
				GCC_OPTIMIZATION_LEVEL = 0;
				GCC_PREPROCESSOR_DEFINITIONS = (
					"DEBUG=1",
					"$(inherited)",
				);
				GCC_WARN_64_TO_32_BIT_CONVERSION = YES;
				GCC_WARN_ABOUT_RETURN_TYPE = YES_ERROR;
				GCC_WARN_UNDECLARED_SELECTOR = YES;
				GCC_WARN_UNINITIALIZED_AUTOS = YES_AGGRESSIVE;
				GCC_WARN_UNUSED_FUNCTION = YES;
				GCC_WARN_UNUSED_VARIABLE = YES;
				IPHONEOS_DEPLOYMENT_TARGET = 10.0;
				MTL_ENABLE_DEBUG_INFO = YES;
				ONLY_ACTIVE_ARCH = YES;
				SDKROOT = iphoneos;
				SWIFT_ACTIVE_COMPILATION_CONDITIONS = DEBUG;
				SWIFT_OPTIMIZATION_LEVEL = "-Onone";
			};
			name = Debug;
		};
		7817F3C51DAFB60900A8E28E /* Release */ = {
			isa = XCBuildConfiguration;
			buildSettings = {
				ALWAYS_SEARCH_USER_PATHS = NO;
				CLANG_ANALYZER_NONNULL = YES;
				CLANG_CXX_LANGUAGE_STANDARD = "gnu++0x";
				CLANG_CXX_LIBRARY = "libc++";
				CLANG_ENABLE_MODULES = YES;
				CLANG_ENABLE_OBJC_ARC = YES;
				CLANG_WARN_BOOL_CONVERSION = YES;
				CLANG_WARN_CONSTANT_CONVERSION = YES;
				CLANG_WARN_DIRECT_OBJC_ISA_USAGE = YES_ERROR;
				CLANG_WARN_DOCUMENTATION_COMMENTS = YES;
				CLANG_WARN_EMPTY_BODY = YES;
				CLANG_WARN_ENUM_CONVERSION = YES;
				CLANG_WARN_INFINITE_RECURSION = YES;
				CLANG_WARN_INT_CONVERSION = YES;
				CLANG_WARN_OBJC_ROOT_CLASS = YES_ERROR;
				CLANG_WARN_SUSPICIOUS_MOVES = YES;
				CLANG_WARN_UNREACHABLE_CODE = YES;
				CLANG_WARN__DUPLICATE_METHOD_MATCH = YES;
				"CODE_SIGN_IDENTITY[sdk=iphoneos*]" = "iPhone Developer";
				COPY_PHASE_STRIP = NO;
				DEBUG_INFORMATION_FORMAT = "dwarf-with-dsym";
				ENABLE_NS_ASSERTIONS = NO;
				ENABLE_STRICT_OBJC_MSGSEND = YES;
				GCC_C_LANGUAGE_STANDARD = gnu99;
				GCC_NO_COMMON_BLOCKS = YES;
				GCC_WARN_64_TO_32_BIT_CONVERSION = YES;
				GCC_WARN_ABOUT_RETURN_TYPE = YES_ERROR;
				GCC_WARN_UNDECLARED_SELECTOR = YES;
				GCC_WARN_UNINITIALIZED_AUTOS = YES_AGGRESSIVE;
				GCC_WARN_UNUSED_FUNCTION = YES;
				GCC_WARN_UNUSED_VARIABLE = YES;
				IPHONEOS_DEPLOYMENT_TARGET = 10.0;
				MTL_ENABLE_DEBUG_INFO = NO;
				SDKROOT = iphoneos;
				SWIFT_OPTIMIZATION_LEVEL = "-Owholemodule";
				VALIDATE_PRODUCT = YES;
			};
			name = Release;
		};
		7817F3C71DAFB60900A8E28E /* Debug */ = {
			isa = XCBuildConfiguration;
			baseConfigurationReference = 58933D383A2DC16E1D032F8D /* Pods-CenkerDemirViaflyTestProject.debug.xcconfig */;
			buildSettings = {
				ASSETCATALOG_COMPILER_APPICON_NAME = AppIcon;
				CLANG_ENABLE_MODULES = YES;
				DEVELOPMENT_TEAM = X82JT57D2Y;
				INFOPLIST_FILE = CenkerDemirViaflyTestProject/Info.plist;
				IPHONEOS_DEPLOYMENT_TARGET = 10.0;
				LD_RUNPATH_SEARCH_PATHS = "$(inherited) @executable_path/Frameworks";
				PRODUCT_BUNDLE_IDENTIFIER = com.Cenker.Demir.CenkerDemirViaflyTestProject;
				PRODUCT_NAME = "$(TARGET_NAME)";
				SWIFT_OBJC_BRIDGING_HEADER = "CenkerDemirViaflyTestProject/CenkerDemirViaflyTestProject-Bridging-Header.h";
				SWIFT_OPTIMIZATION_LEVEL = "-Onone";
				SWIFT_VERSION = 3.0;
			};
			name = Debug;
		};
		7817F3C81DAFB60900A8E28E /* Release */ = {
			isa = XCBuildConfiguration;
			baseConfigurationReference = E3C1364AA73EBB39E56301E2 /* Pods-CenkerDemirViaflyTestProject.release.xcconfig */;
			buildSettings = {
				ASSETCATALOG_COMPILER_APPICON_NAME = AppIcon;
				CLANG_ENABLE_MODULES = YES;
				DEVELOPMENT_TEAM = X82JT57D2Y;
				INFOPLIST_FILE = CenkerDemirViaflyTestProject/Info.plist;
				IPHONEOS_DEPLOYMENT_TARGET = 10.0;
				LD_RUNPATH_SEARCH_PATHS = "$(inherited) @executable_path/Frameworks";
				PRODUCT_BUNDLE_IDENTIFIER = com.Cenker.Demir.CenkerDemirViaflyTestProject;
				PRODUCT_NAME = "$(TARGET_NAME)";
				SWIFT_OBJC_BRIDGING_HEADER = "CenkerDemirViaflyTestProject/CenkerDemirViaflyTestProject-Bridging-Header.h";
				SWIFT_VERSION = 3.0;
			};
			name = Release;
		};
/* End XCBuildConfiguration section */

/* Begin XCConfigurationList section */
		7817F3AC1DAFB60800A8E28E /* Build configuration list for PBXProject "CenkerDemirViaflyTestProject" */ = {
			isa = XCConfigurationList;
			buildConfigurations = (
				7817F3C41DAFB60900A8E28E /* Debug */,
				7817F3C51DAFB60900A8E28E /* Release */,
			);
			defaultConfigurationIsVisible = 0;
			defaultConfigurationName = Release;
		};
		7817F3C61DAFB60900A8E28E /* Build configuration list for PBXNativeTarget "CenkerDemirViaflyTestProject" */ = {
			isa = XCConfigurationList;
			buildConfigurations = (
				7817F3C71DAFB60900A8E28E /* Debug */,
				7817F3C81DAFB60900A8E28E /* Release */,
			);
			defaultConfigurationIsVisible = 0;
			defaultConfigurationName = Release;
		};
/* End XCConfigurationList section */
	};
	rootObject = 7817F3A91DAFB60800A8E28E /* Project object */;
}
