// !$*UTF8*$!
{
	archiveVersion = 1;
	classes = {
	};
	objectVersion = 46;
	objects = {

/* Begin PBXBuildFile section */
		7817F3B51DAFB60900A8E28E /* AppDelegate.swift in Sources */ = {isa = PBXBuildFile; fileRef = 7817F3B41DAFB60900A8E28E /* AppDelegate.swift */; };
		7817F3B71DAFB60900A8E28E /* ViewController.swift in Sources */ = {isa = PBXBuildFile; fileRef = 7817F3B61DAFB60900A8E28E /* ViewController.swift */; };
		7817F3BA1DAFB60900A8E28E /* Main.storyboard in Resources */ = {isa = PBXBuildFile; fileRef = 7817F3B81DAFB60900A8E28E /* Main.storyboard */; };
		7817F3BD1DAFB60900A8E28E /* CenkerDemirViaflyTestProject.xcdatamodeld in Sources */ = {isa = PBXBuildFile; fileRef = 7817F3BB1DAFB60900A8E28E /* CenkerDemirViaflyTestProject.xcdatamodeld */; };
		7817F3BF1DAFB60900A8E28E /* Assets.xcassets in Resources */ = {isa = PBXBuildFile; fileRef = 7817F3BE1DAFB60900A8E28E /* Assets.xcassets */; };
		7817F3C21DAFB60900A8E28E /* LaunchScreen.storyboard in Resources */ = {isa = PBXBuildFile; fileRef = 7817F3C01DAFB60900A8E28E /* LaunchScreen.storyboard */; };
		785EBC161DB022B000F50455 /* men.png in Resources */ = {isa = PBXBuildFile; fileRef = 785EBC121DB022B000F50455 /* men.png */; };
		785EBC171DB022B000F50455 /* women.png in Resources */ = {isa = PBXBuildFile; fileRef = 785EBC131DB022B000F50455 /* women.png */; };
		785EBC181DB022B000F50455 /* outwear.png in Resources */ = {isa = PBXBuildFile; fileRef = 785EBC141DB022B000F50455 /* outwear.png */; };
		785EBC191DB022B000F50455 /* accessories.png in Resources */ = {isa = PBXBuildFile; fileRef = 785EBC151DB022B000F50455 /* accessories.png */; };
		78C3B9D21DAFD264000DACBF /* StoreInventory.json in Resources */ = {isa = PBXBuildFile; fileRef = 78C3B9D11DAFD264000DACBF /* StoreInventory.json */; };
		78C3B9D41DAFD4BA000DACBF /* Item.swift in Sources */ = {isa = PBXBuildFile; fileRef = 78C3B9D31DAFD4BA000DACBF /* Item.swift */; };
		78C3B9D61DAFD55A000DACBF /* Store.swift in Sources */ = {isa = PBXBuildFile; fileRef = 78C3B9D51DAFD55A000DACBF /* Store.swift */; };
		78F717421DB05348004CA69B /* categories-icon.png in Resources */ = {isa = PBXBuildFile; fileRef = 78F717411DB05348004CA69B /* categories-icon.png */; };
		78F717441DB05732004CA69B /* sort-dollar.png in Resources */ = {isa = PBXBuildFile; fileRef = 78F717431DB05732004CA69B /* sort-dollar.png */; };
		78F717461DB068A0004CA69B /* Filter-30.png in Resources */ = {isa = PBXBuildFile; fileRef = 78F717451DB068A0004CA69B /* Filter-30.png */; };
/* End PBXBuildFile section */

/* Begin PBXFileReference section */
		7817F3B11DAFB60900A8E28E /* CenkerDemirViaflyTestProject.app */ = {isa = PBXFileReference; explicitFileType = wrapper.application; includeInIndex = 0; path = CenkerDemirViaflyTestProject.app; sourceTree = BUILT_PRODUCTS_DIR; };
		7817F3B41DAFB60900A8E28E /* AppDelegate.swift */ = {isa = PBXFileReference; lastKnownFileType = sourcecode.swift; path = AppDelegate.swift; sourceTree = "<group>"; };
		7817F3B61DAFB60900A8E28E /* ViewController.swift */ = {isa = PBXFileReference; lastKnownFileType = sourcecode.swift; path = ViewController.swift; sourceTree = "<group>"; };
		7817F3B91DAFB60900A8E28E /* Base */ = {isa = PBXFileReference; lastKnownFileType = file.storyboard; name = Base; path = Base.lproj/Main.storyboard; sourceTree = "<group>"; };
		7817F3BC1DAFB60900A8E28E /* CenkerDemirViaflyTestProject.xcdatamodel */ = {isa = PBXFileReference; lastKnownFileType = wrapper.xcdatamodel; path = CenkerDemirViaflyTestProject.xcdatamodel; sourceTree = "<group>"; };
		7817F3BE1DAFB60900A8E28E /* Assets.xcassets */ = {isa = PBXFileReference; lastKnownFileType = folder.assetcatalog; path = Assets.xcassets; sourceTree = "<group>"; };
		7817F3C11DAFB60900A8E28E /* Base */ = {isa = PBXFileReference; lastKnownFileType = file.storyboard; name = Base; path = Base.lproj/LaunchScreen.storyboard; sourceTree = "<group>"; };
		7817F3C31DAFB60900A8E28E /* Info.plist */ = {isa = PBXFileReference; lastKnownFileType = text.plist.xml; path = Info.plist; sourceTree = "<group>"; };
		785EBC121DB022B000F50455 /* men.png */ = {isa = PBXFileReference; lastKnownFileType = image.png; name = men.png; path = images/men.png; sourceTree = "<group>"; };
		785EBC131DB022B000F50455 /* women.png */ = {isa = PBXFileReference; lastKnownFileType = image.png; name = women.png; path = images/women.png; sourceTree = "<group>"; };
		785EBC141DB022B000F50455 /* outwear.png */ = {isa = PBXFileReference; lastKnownFileType = image.png; name = outwear.png; path = images/outwear.png; sourceTree = "<group>"; };
		785EBC151DB022B000F50455 /* accessories.png */ = {isa = PBXFileReference; lastKnownFileType = image.png; name = accessories.png; path = images/accessories.png; sourceTree = "<group>"; };
		78C3B9D11DAFD264000DACBF /* StoreInventory.json */ = {isa = PBXFileReference; fileEncoding = 4; lastKnownFileType = text.json; path = StoreInventory.json; sourceTree = "<group>"; };
		78C3B9D31DAFD4BA000DACBF /* Item.swift */ = {isa = PBXFileReference; fileEncoding = 4; lastKnownFileType = sourcecode.swift; path = Item.swift; sourceTree = "<group>"; };
		78C3B9D51DAFD55A000DACBF /* Store.swift */ = {isa = PBXFileReference; fileEncoding = 4; lastKnownFileType = sourcecode.swift; path = Store.swift; sourceTree = "<group>"; };
		78F717411DB05348004CA69B /* categories-icon.png */ = {isa = PBXFileReference; lastKnownFileType = image.png; name = "categories-icon.png"; path = "images/categories-icon.png"; sourceTree = "<group>"; };
		78F717431DB05732004CA69B /* sort-dollar.png */ = {isa = PBXFileReference; lastKnownFileType = image.png; name = "sort-dollar.png"; path = "images/sort-dollar.png"; sourceTree = "<group>"; };
		78F717451DB068A0004CA69B /* Filter-30.png */ = {isa = PBXFileReference; lastKnownFileType = image.png; name = "Filter-30.png"; path = "images/Filter-30.png"; sourceTree = "<group>"; };
/* End PBXFileReference section */

/* Begin PBXFrameworksBuildPhase section */
		7817F3AE1DAFB60800A8E28E /* Frameworks */ = {
			isa = PBXFrameworksBuildPhase;
			buildActionMask = 2147483647;
			files = (
			);
			runOnlyForDeploymentPostprocessing = 0;
		};
/* End PBXFrameworksBuildPhase section */

/* Begin PBXGroup section */
		7817F3A81DAFB60800A8E28E = {
			isa = PBXGroup;
			children = (
				7817F3B31DAFB60900A8E28E /* CenkerDemirViaflyTestProject */,
				7817F3B21DAFB60900A8E28E /* Products */,
			);
			sourceTree = "<group>";
		};
		7817F3B21DAFB60900A8E28E /* Products */ = {
			isa = PBXGroup;
			children = (
				7817F3B11DAFB60900A8E28E /* CenkerDemirViaflyTestProject.app */,
			);
			name = Products;
			sourceTree = "<group>";
		};
		7817F3B31DAFB60900A8E28E /* CenkerDemirViaflyTestProject */ = {
			isa = PBXGroup;
			children = (
				7817F3B41DAFB60900A8E28E /* AppDelegate.swift */,
				7817F3B61DAFB60900A8E28E /* ViewController.swift */,
				78C3B9D51DAFD55A000DACBF /* Store.swift */,
				78C3B9D31DAFD4BA000DACBF /* Item.swift */,
				7817F3B81DAFB60900A8E28E /* Main.storyboard */,
				7817F3BE1DAFB60900A8E28E /* Assets.xcassets */,
				7817F3C01DAFB60900A8E28E /* LaunchScreen.storyboard */,
				7817F3C31DAFB60900A8E28E /* Info.plist */,
				78C3B9D11DAFD264000DACBF /* StoreInventory.json */,
				7817F3BB1DAFB60900A8E28E /* CenkerDemirViaflyTestProject.xcdatamodeld */,
				785EBC1A1DB022C300F50455 /* images */,
			);
			path = CenkerDemirViaflyTestProject;
			sourceTree = "<group>";
		};
		785EBC1A1DB022C300F50455 /* images */ = {
			isa = PBXGroup;
			children = (
				78F717451DB068A0004CA69B /* Filter-30.png */,
				78F717431DB05732004CA69B /* sort-dollar.png */,
				78F717411DB05348004CA69B /* categories-icon.png */,
				785EBC121DB022B000F50455 /* men.png */,
				785EBC131DB022B000F50455 /* women.png */,
				785EBC141DB022B000F50455 /* outwear.png */,
				785EBC151DB022B000F50455 /* accessories.png */,
			);
			name = images;
			sourceTree = "<group>";
		};
/* End PBXGroup section */

/* Begin PBXNativeTarget section */
		7817F3B01DAFB60800A8E28E /* CenkerDemirViaflyTestProject */ = {
			isa = PBXNativeTarget;
			buildConfigurationList = 7817F3C61DAFB60900A8E28E /* Build configuration list for PBXNativeTarget "CenkerDemirViaflyTestProject" */;
			buildPhases = (
				7817F3AD1DAFB60800A8E28E /* Sources */,
				7817F3AE1DAFB60800A8E28E /* Frameworks */,
				7817F3AF1DAFB60800A8E28E /* Resources */,
			);
			buildRules = (
			);
			dependencies = (
			);
			name = CenkerDemirViaflyTestProject;
			productName = CenkerDemirViaflyTestProject;
			productReference = 7817F3B11DAFB60900A8E28E /* CenkerDemirViaflyTestProject.app */;
			productType = "com.apple.product-type.application";
		};
/* End PBXNativeTarget section */

/* Begin PBXProject section */
		7817F3A91DAFB60800A8E28E /* Project object */ = {
			isa = PBXProject;
			attributes = {
				LastSwiftUpdateCheck = 0800;
				LastUpgradeCheck = 0800;
				ORGANIZATIONNAME = "Cenker Demir";
				TargetAttributes = {
					7817F3B01DAFB60800A8E28E = {
						CreatedOnToolsVersion = 8.0;
						DevelopmentTeam = X82JT57D2Y;
						ProvisioningStyle = Automatic;
					};
				};
			};
			buildConfigurationList = 7817F3AC1DAFB60800A8E28E /* Build configuration list for PBXProject "CenkerDemirViaflyTestProject" */;
			compatibilityVersion = "Xcode 3.2";
			developmentRegion = English;
			hasScannedForEncodings = 0;
			knownRegions = (
				en,
				Base,
			);
			mainGroup = 7817F3A81DAFB60800A8E28E;
			productRefGroup = 7817F3B21DAFB60900A8E28E /* Products */;
			projectDirPath = "";
			projectRoot = "";
			targets = (
				7817F3B01DAFB60800A8E28E /* CenkerDemirViaflyTestProject */,
			);
		};
/* End PBXProject section */

/* Begin PBXResourcesBuildPhase section */
		7817F3AF1DAFB60800A8E28E /* Resources */ = {
			isa = PBXResourcesBuildPhase;
			buildActionMask = 2147483647;
			files = (
				785EBC181DB022B000F50455 /* outwear.png in Resources */,
				7817F3C21DAFB60900A8E28E /* LaunchScreen.storyboard in Resources */,
				7817F3BF1DAFB60900A8E28E /* Assets.xcassets in Resources */,
				78C3B9D21DAFD264000DACBF /* StoreInventory.json in Resources */,
				785EBC161DB022B000F50455 /* men.png in Resources */,
				785EBC171DB022B000F50455 /* women.png in Resources */,
				78F717461DB068A0004CA69B /* Filter-30.png in Resources */,
				785EBC191DB022B000F50455 /* accessories.png in Resources */,
				78F717441DB05732004CA69B /* sort-dollar.png in Resources */,
				7817F3BA1DAFB60900A8E28E /* Main.storyboard in Resources */,
				78F717421DB05348004CA69B /* categories-icon.png in Resources */,
			);
			runOnlyForDeploymentPostprocessing = 0;
		};
/* End PBXResourcesBuildPhase section */

/* Begin PBXSourcesBuildPhase section */
		7817F3AD1DAFB60800A8E28E /* Sources */ = {
			isa = PBXSourcesBuildPhase;
			buildActionMask = 2147483647;
			files = (
				78C3B9D61DAFD55A000DACBF /* Store.swift in Sources */,
				78C3B9D41DAFD4BA000DACBF /* Item.swift in Sources */,
				7817F3B71DAFB60900A8E28E /* ViewController.swift in Sources */,
				7817F3BD1DAFB60900A8E28E /* CenkerDemirViaflyTestProject.xcdatamodeld in Sources */,
				7817F3B51DAFB60900A8E28E /* AppDelegate.swift in Sources */,
			);
			runOnlyForDeploymentPostprocessing = 0;
		};
/* End PBXSourcesBuildPhase section */

/* Begin PBXVariantGroup section */
		7817F3B81DAFB60900A8E28E /* Main.storyboard */ = {
			isa = PBXVariantGroup;
			children = (
				7817F3B91DAFB60900A8E28E /* Base */,
			);
			name = Main.storyboard;
			sourceTree = "<group>";
		};
		7817F3C01DAFB60900A8E28E /* LaunchScreen.storyboard */ = {
			isa = PBXVariantGroup;
			children = (
				7817F3C11DAFB60900A8E28E /* Base */,
			);
			name = LaunchScreen.storyboard;
			sourceTree = "<group>";
		};
/* End PBXVariantGroup section */

/* Begin XCBuildConfiguration section */
		7817F3C41DAFB60900A8E28E /* Debug */ = {
			isa = XCBuildConfiguration;
			buildSettings = {
				ALWAYS_SEARCH_USER_PATHS = NO;
				CLANG_ANALYZER_NONNULL = YES;
				CLANG_CXX_LANGUAGE_STANDARD = "gnu++0x";
				CLANG_CXX_LIBRARY = "libc++";
				CLANG_ENABLE_MODULES = YES;
				CLANG_ENABLE_OBJC_ARC = YES;
				CLANG_WARN_BOOL_CONVERSION = YES;
				CLANG_WARN_CONSTANT_CONVERSION = YES;
				CLANG_WARN_DIRECT_OBJC_ISA_USAGE = YES_ERROR;
				CLANG_WARN_DOCUMENTATION_COMMENTS = YES;
				CLANG_WARN_EMPTY_BODY = YES;
				CLANG_WARN_ENUM_CONVERSION = YES;
				CLANG_WARN_INFINITE_RECURSION = YES;
				CLANG_WARN_INT_CONVERSION = YES;
				CLANG_WARN_OBJC_ROOT_CLASS = YES_ERROR;
				CLANG_WARN_SUSPICIOUS_MOVES = YES;
				CLANG_WARN_UNREACHABLE_CODE = YES;
				CLANG_WARN__DUPLICATE_METHOD_MATCH = YES;
				"CODE_SIGN_IDENTITY[sdk=iphoneos*]" = "iPhone Developer";
				COPY_PHASE_STRIP = NO;
				DEBUG_INFORMATION_FORMAT = dwarf;
				ENABLE_STRICT_OBJC_MSGSEND = YES;
				ENABLE_TESTABILITY = YES;
				GCC_C_LANGUAGE_STANDARD = gnu99;
				GCC_DYNAMIC_NO_PIC = NO;
				GCC_NO_COMMON_BLOCKS = YES;
				GCC_OPTIMIZATION_LEVEL = 0;
				GCC_PREPROCESSOR_DEFINITIONS = (
					"DEBUG=1",
					"$(inherited)",
				);
				GCC_WARN_64_TO_32_BIT_CONVERSION = YES;
				GCC_WARN_ABOUT_RETURN_TYPE = YES_ERROR;
				GCC_WARN_UNDECLARED_SELECTOR = YES;
				GCC_WARN_UNINITIALIZED_AUTOS = YES_AGGRESSIVE;
				GCC_WARN_UNUSED_FUNCTION = YES;
				GCC_WARN_UNUSED_VARIABLE = YES;
				IPHONEOS_DEPLOYMENT_TARGET = 10.0;
				MTL_ENABLE_DEBUG_INFO = YES;
				ONLY_ACTIVE_ARCH = YES;
				SDKROOT = iphoneos;
				SWIFT_ACTIVE_COMPILATION_CONDITIONS = DEBUG;
				SWIFT_OPTIMIZATION_LEVEL = "-Onone";
			};
			name = Debug;
		};
		7817F3C51DAFB60900A8E28E /* Release */ = {
			isa = XCBuildConfiguration;
			buildSettings = {
				ALWAYS_SEARCH_USER_PATHS = NO;
				CLANG_ANALYZER_NONNULL = YES;
				CLANG_CXX_LANGUAGE_STANDARD = "gnu++0x";
				CLANG_CXX_LIBRARY = "libc++";
				CLANG_ENABLE_MODULES = YES;
				CLANG_ENABLE_OBJC_ARC = YES;
				CLANG_WARN_BOOL_CONVERSION = YES;
				CLANG_WARN_CONSTANT_CONVERSION = YES;
				CLANG_WARN_DIRECT_OBJC_ISA_USAGE = YES_ERROR;
				CLANG_WARN_DOCUMENTATION_COMMENTS = YES;
				CLANG_WARN_EMPTY_BODY = YES;
				CLANG_WARN_ENUM_CONVERSION = YES;
				CLANG_WARN_INFINITE_RECURSION = YES;
				CLANG_WARN_INT_CONVERSION = YES;
				CLANG_WARN_OBJC_ROOT_CLASS = YES_ERROR;
				CLANG_WARN_SUSPICIOUS_MOVES = YES;
				CLANG_WARN_UNREACHABLE_CODE = YES;
				CLANG_WARN__DUPLICATE_METHOD_MATCH = YES;
				"CODE_SIGN_IDENTITY[sdk=iphoneos*]" = "iPhone Developer";
				COPY_PHASE_STRIP = NO;
				DEBUG_INFORMATION_FORMAT = "dwarf-with-dsym";
				ENABLE_NS_ASSERTIONS = NO;
				ENABLE_STRICT_OBJC_MSGSEND = YES;
				GCC_C_LANGUAGE_STANDARD = gnu99;
				GCC_NO_COMMON_BLOCKS = YES;
				GCC_WARN_64_TO_32_BIT_CONVERSION = YES;
				GCC_WARN_ABOUT_RETURN_TYPE = YES_ERROR;
				GCC_WARN_UNDECLARED_SELECTOR = YES;
				GCC_WARN_UNINITIALIZED_AUTOS = YES_AGGRESSIVE;
				GCC_WARN_UNUSED_FUNCTION = YES;
				GCC_WARN_UNUSED_VARIABLE = YES;
				IPHONEOS_DEPLOYMENT_TARGET = 10.0;
				MTL_ENABLE_DEBUG_INFO = NO;
				SDKROOT = iphoneos;
				SWIFT_OPTIMIZATION_LEVEL = "-Owholemodule";
				VALIDATE_PRODUCT = YES;
			};
			name = Release;
		};
		7817F3C71DAFB60900A8E28E /* Debug */ = {
			isa = XCBuildConfiguration;
			buildSettings = {
				ASSETCATALOG_COMPILER_APPICON_NAME = AppIcon;
				DEVELOPMENT_TEAM = X82JT57D2Y;
				INFOPLIST_FILE = CenkerDemirViaflyTestProject/Info.plist;
				IPHONEOS_DEPLOYMENT_TARGET = 10.0;
				LD_RUNPATH_SEARCH_PATHS = "$(inherited) @executable_path/Frameworks";
				PRODUCT_BUNDLE_IDENTIFIER = com.Cenker.Demir.CenkerDemirViaflyTestProject;
				PRODUCT_NAME = "$(TARGET_NAME)";
				SWIFT_VERSION = 3.0;
			};
			name = Debug;
		};
		7817F3C81DAFB60900A8E28E /* Release */ = {
			isa = XCBuildConfiguration;
			buildSettings = {
				ASSETCATALOG_COMPILER_APPICON_NAME = AppIcon;
				DEVELOPMENT_TEAM = X82JT57D2Y;
				INFOPLIST_FILE = CenkerDemirViaflyTestProject/Info.plist;
				IPHONEOS_DEPLOYMENT_TARGET = 10.0;
				LD_RUNPATH_SEARCH_PATHS = "$(inherited) @executable_path/Frameworks";
				PRODUCT_BUNDLE_IDENTIFIER = com.Cenker.Demir.CenkerDemirViaflyTestProject;
				PRODUCT_NAME = "$(TARGET_NAME)";
				SWIFT_VERSION = 3.0;
			};
			name = Release;
		};
/* End XCBuildConfiguration section */

/* Begin XCConfigurationList section */
		7817F3AC1DAFB60800A8E28E /* Build configuration list for PBXProject "CenkerDemirViaflyTestProject" */ = {
			isa = XCConfigurationList;
			buildConfigurations = (
				7817F3C41DAFB60900A8E28E /* Debug */,
				7817F3C51DAFB60900A8E28E /* Release */,
			);
			defaultConfigurationIsVisible = 0;
			defaultConfigurationName = Release;
		};
		7817F3C61DAFB60900A8E28E /* Build configuration list for PBXNativeTarget "CenkerDemirViaflyTestProject" */ = {
			isa = XCConfigurationList;
			buildConfigurations = (
				7817F3C71DAFB60900A8E28E /* Debug */,
				7817F3C81DAFB60900A8E28E /* Release */,
			);
			defaultConfigurationIsVisible = 0;
			defaultConfigurationName = Release;
		};
/* End XCConfigurationList section */

/* Begin XCVersionGroup section */
		7817F3BB1DAFB60900A8E28E /* CenkerDemirViaflyTestProject.xcdatamodeld */ = {
			isa = XCVersionGroup;
			children = (
				7817F3BC1DAFB60900A8E28E /* CenkerDemirViaflyTestProject.xcdatamodel */,
			);
			currentVersion = 7817F3BC1DAFB60900A8E28E /* CenkerDemirViaflyTestProject.xcdatamodel */;
			path = CenkerDemirViaflyTestProject.xcdatamodeld;
			sourceTree = "<group>";
			versionGroupType = wrapper.xcdatamodel;
		};
/* End XCVersionGroup section */
	};
	rootObject = 7817F3A91DAFB60800A8E28E /* Project object */;
}
